
Microsoft Visual Studio Solution File, Format Version 12.00
# Visual Studio Version 17
VisualStudioVersion = 17.13.35828.75 d17.13
MinimumVisualStudioVersion = 10.0.40219.1
Project("{FAE04EC0-301F-11D3-BF4B-00C04F79EFBC}") = "UC-ScalableCheckBox", "UC-ScalableCheckBox\UC-ScalableCheckBox.csproj", "{7256579A-E2FC-4509-92D4-C59FC4322AF4}"
EndProject
Global
	GlobalSection(SolutionConfigurationPlatforms) = preSolution
		Debug|Any CPU = Debug|Any CPU
		Release|Any CPU = Release|Any CPU
	EndGlobalSection
	GlobalSection(ProjectConfigurationPlatforms) = postSolution
		{7256579A-E2FC-4509-92D4-C59FC4322AF4}.Debug|Any CPU.ActiveCfg = Debug|Any CPU
		{7256579A-E2FC-4509-92D4-C59FC4322AF4}.Debug|Any CPU.Build.0 = Debug|Any CPU
		{7256579A-E2FC-4509-92D4-C59FC4322AF4}.Release|Any CPU.ActiveCfg = Release|Any CPU
		{7256579A-E2FC-4509-92D4-C59FC4322AF4}.Release|Any CPU.Build.0 = Release|Any CPU
	EndGlobalSection
	GlobalSection(SolutionProperties) = preSolution
		HideSolutionNode = FALSE
	EndGlobalSection
	GlobalSection(ExtensibilityGlobals) = postSolution
		SolutionGuid = {DE5D6450-6662-4546-A087-3E1A3A6E23B2}
	EndGlobalSection
EndGlobal
