
Microsoft Visual Studio Solution File, Format Version 12.00
# Visual Studio Version 17
VisualStudioVersion = 17.13.35828.75 d17.13
MinimumVisualStudioVersion = 10.0.40219.1
Project("{FAE04EC0-301F-11D3-BF4B-00C04F79EFBC}") = "UC-Mission", "UC-Mission\UC-Mission.csproj", "{9DF96EBD-8286-4B0B-9292-2F1711384A8D}"
EndProject
Global
	GlobalSection(SolutionConfigurationPlatforms) = preSolution
		Debug|Any CPU = Debug|Any CPU
		Release|Any CPU = Release|Any CPU
	EndGlobalSection
	GlobalSection(ProjectConfigurationPlatforms) = postSolution
		{9DF96EBD-8286-4B0B-9292-2F1711384A8D}.Debug|Any CPU.ActiveCfg = Debug|Any CPU
		{9DF96EBD-8286-4B0B-9292-2F1711384A8D}.Debug|Any CPU.Build.0 = Debug|Any CPU
		{9DF96EBD-8286-4B0B-9292-2F1711384A8D}.Release|Any CPU.ActiveCfg = Release|Any CPU
		{9DF96EBD-8286-4B0B-9292-2F1711384A8D}.Release|Any CPU.Build.0 = Release|Any CPU
	EndGlobalSection
	GlobalSection(SolutionProperties) = preSolution
		HideSolutionNode = FALSE
	EndGlobalSection
	GlobalSection(ExtensibilityGlobals) = postSolution
		SolutionGuid = {88883B3B-7135-4762-A073-6590E71404B9}
	EndGlobalSection
EndGlobal
